// !$*UTF8*$!
{
	archiveVersion = 1;
	classes = {
	};
	objectVersion = 46;
	objects = {

/* Begin PBXBuildFile section */
		B224A5831EA20F4F006F90EF /* TableViewController.swift in Sources */ = {isa = PBXBuildFile; fileRef = B224A5821EA20F4F006F90EF /* TableViewController.swift */; };
		B28129031E9F72A900A655E2 /* AppDelegate.swift in Sources */ = {isa = PBXBuildFile; fileRef = B28129021E9F72A900A655E2 /* AppDelegate.swift */; };
		B28129051E9F72A900A655E2 /* ViewController.swift in Sources */ = {isa = PBXBuildFile; fileRef = B28129041E9F72A900A655E2 /* ViewController.swift */; };
		B28129081E9F72A900A655E2 /* Main.storyboard in Resources */ = {isa = PBXBuildFile; fileRef = B28129061E9F72A900A655E2 /* Main.storyboard */; };
		B281290A1E9F72A900A655E2 /* Assets.xcassets in Resources */ = {isa = PBXBuildFile; fileRef = B28129091E9F72A900A655E2 /* Assets.xcassets */; };
		B281290D1E9F72A900A655E2 /* LaunchScreen.storyboard in Resources */ = {isa = PBXBuildFile; fileRef = B281290B1E9F72A900A655E2 /* LaunchScreen.storyboard */; };
		B28129151E9F72DC00A655E2 /* SMViewController.swift in Sources */ = {isa = PBXBuildFile; fileRef = B28129141E9F72DC00A655E2 /* SMViewController.swift */; };
/* End PBXBuildFile section */

/* Begin PBXFileReference section */
		B224A5821EA20F4F006F90EF /* TableViewController.swift */ = {isa = PBXFileReference; fileEncoding = 4; lastKnownFileType = sourcecode.swift; path = TableViewController.swift; sourceTree = "<group>"; };
		B28128FF1E9F72A900A655E2 /* MenuDemo.app */ = {isa = PBXFileReference; explicitFileType = wrapper.application; includeInIndex = 0; path = MenuDemo.app; sourceTree = BUILT_PRODUCTS_DIR; };
		B28129021E9F72A900A655E2 /* AppDelegate.swift */ = {isa = PBXFileReference; lastKnownFileType = sourcecode.swift; path = AppDelegate.swift; sourceTree = "<group>"; };
		B28129041E9F72A900A655E2 /* ViewController.swift */ = {isa = PBXFileReference; lastKnownFileType = sourcecode.swift; path = ViewController.swift; sourceTree = "<group>"; };
		B28129071E9F72A900A655E2 /* Base */ = {isa = PBXFileReference; lastKnownFileType = file.storyboard; name = Base; path = Base.lproj/Main.storyboard; sourceTree = "<group>"; };
		B28129091E9F72A900A655E2 /* Assets.xcassets */ = {isa = PBXFileReference; lastKnownFileType = folder.assetcatalog; path = Assets.xcassets; sourceTree = "<group>"; };
		B281290C1E9F72A900A655E2 /* Base */ = {isa = PBXFileReference; lastKnownFileType = file.storyboard; name = Base; path = Base.lproj/LaunchScreen.storyboard; sourceTree = "<group>"; };
		B281290E1E9F72A900A655E2 /* Info.plist */ = {isa = PBXFileReference; lastKnownFileType = text.plist.xml; path = Info.plist; sourceTree = "<group>"; };
		B28129141E9F72DC00A655E2 /* SMViewController.swift */ = {isa = PBXFileReference; fileEncoding = 4; lastKnownFileType = sourcecode.swift; path = SMViewController.swift; sourceTree = "<group>"; };
/* End PBXFileReference section */

/* Begin PBXFrameworksBuildPhase section */
		B28128FC1E9F72A900A655E2 /* Frameworks */ = {
			isa = PBXFrameworksBuildPhase;
			buildActionMask = 2147483647;
			files = (
			);
			runOnlyForDeploymentPostprocessing = 0;
		};
/* End PBXFrameworksBuildPhase section */

/* Begin PBXGroup section */
		B28128F61E9F72A900A655E2 = {
			isa = PBXGroup;
			children = (
				B28129011E9F72A900A655E2 /* MenuDemo */,
				B28129001E9F72A900A655E2 /* Products */,
			);
			sourceTree = "<group>";
		};
		B28129001E9F72A900A655E2 /* Products */ = {
			isa = PBXGroup;
			children = (
				B28128FF1E9F72A900A655E2 /* MenuDemo.app */,
			);
			name = Products;
			sourceTree = "<group>";
		};
		B28129011E9F72A900A655E2 /* MenuDemo */ = {
			isa = PBXGroup;
			children = (
				B28129141E9F72DC00A655E2 /* SMViewController.swift */,
				B28129021E9F72A900A655E2 /* AppDelegate.swift */,
				B28129041E9F72A900A655E2 /* ViewController.swift */,
				B28129061E9F72A900A655E2 /* Main.storyboard */,
				B28129091E9F72A900A655E2 /* Assets.xcassets */,
				B281290B1E9F72A900A655E2 /* LaunchScreen.storyboard */,
				B281290E1E9F72A900A655E2 /* Info.plist */,
				B224A5821EA20F4F006F90EF /* TableViewController.swift */,
			);
			path = MenuDemo;
			sourceTree = "<group>";
		};
/* End PBXGroup section */

/* Begin PBXNativeTarget section */
		B28128FE1E9F72A900A655E2 /* MenuDemo */ = {
			isa = PBXNativeTarget;
			buildConfigurationList = B28129111E9F72A900A655E2 /* Build configuration list for PBXNativeTarget "MenuDemo" */;
			buildPhases = (
				B28128FB1E9F72A900A655E2 /* Sources */,
				B28128FC1E9F72A900A655E2 /* Frameworks */,
				B28128FD1E9F72A900A655E2 /* Resources */,
			);
			buildRules = (
			);
			dependencies = (
			);
			name = MenuDemo;
			productName = MenuDemo;
			productReference = B28128FF1E9F72A900A655E2 /* MenuDemo.app */;
			productType = "com.apple.product-type.application";
		};
/* End PBXNativeTarget section */

/* Begin PBXProject section */
		B28128F71E9F72A900A655E2 /* Project object */ = {
			isa = PBXProject;
			attributes = {
				LastSwiftUpdateCheck = 0830;
				LastUpgradeCheck = 0830;
				ORGANIZATIONNAME = "Johnny Gu";
				TargetAttributes = {
					B28128FE1E9F72A900A655E2 = {
						CreatedOnToolsVersion = 8.3;
						DevelopmentTeam = CD75Y82V4U;
						ProvisioningStyle = Automatic;
					};
				};
			};
			buildConfigurationList = B28128FA1E9F72A900A655E2 /* Build configuration list for PBXProject "MenuDemo" */;
			compatibilityVersion = "Xcode 3.2";
			developmentRegion = English;
			hasScannedForEncodings = 0;
			knownRegions = (
				en,
				Base,
			);
			mainGroup = B28128F61E9F72A900A655E2;
			productRefGroup = B28129001E9F72A900A655E2 /* Products */;
			projectDirPath = "";
			projectRoot = "";
			targets = (
				B28128FE1E9F72A900A655E2 /* MenuDemo */,
			);
		};
/* End PBXProject section */

/* Begin PBXResourcesBuildPhase section */
		B28128FD1E9F72A900A655E2 /* Resources */ = {
			isa = PBXResourcesBuildPhase;
			buildActionMask = 2147483647;
			files = (
				B281290D1E9F72A900A655E2 /* LaunchScreen.storyboard in Resources */,
				B281290A1E9F72A900A655E2 /* Assets.xcassets in Resources */,
				B28129081E9F72A900A655E2 /* Main.storyboard in Resources */,
			);
			runOnlyForDeploymentPostprocessing = 0;
		};
/* End PBXResourcesBuildPhase section */

/* Begin PBXSourcesBuildPhase section */
		B28128FB1E9F72A900A655E2 /* Sources */ = {
			isa = PBXSourcesBuildPhase;
			buildActionMask = 2147483647;
			files = (
				B28129151E9F72DC00A655E2 /* SMViewController.swift in Sources */,
				B28129051E9F72A900A655E2 /* ViewController.swift in Sources */,
				B28129031E9F72A900A655E2 /* AppDelegate.swift in Sources */,
				B224A5831EA20F4F006F90EF /* TableViewController.swift in Sources */,
			);
			runOnlyForDeploymentPostprocessing = 0;
		};
/* End PBXSourcesBuildPhase section */

/* Begin PBXVariantGroup section */
		B28129061E9F72A900A655E2 /* Main.storyboard */ = {
			isa = PBXVariantGroup;
			children = (
				B28129071E9F72A900A655E2 /* Base */,
			);
			name = Main.storyboard;
			sourceTree = "<group>";
		};
		B281290B1E9F72A900A655E2 /* LaunchScreen.storyboard */ = {
			isa = PBXVariantGroup;
			children = (
				B281290C1E9F72A900A655E2 /* Base */,
			);
			name = LaunchScreen.storyboard;
			sourceTree = "<group>";
		};
/* End PBXVariantGroup section */

/* Begin XCBuildConfiguration section */
		B281290F1E9F72A900A655E2 /* Debug */ = {
			isa = XCBuildConfiguration;
			buildSettings = {
				ALWAYS_SEARCH_USER_PATHS = NO;
				CLANG_ANALYZER_NONNULL = YES;
				CLANG_ANALYZER_NUMBER_OBJECT_CONVERSION = YES_AGGRESSIVE;
				CLANG_CXX_LANGUAGE_STANDARD = "gnu++0x";
				CLANG_CXX_LIBRARY = "libc++";
				CLANG_ENABLE_MODULES = YES;
				CLANG_ENABLE_OBJC_ARC = YES;
				CLANG_WARN_BOOL_CONVERSION = YES;
				CLANG_WARN_CONSTANT_CONVERSION = YES;
				CLANG_WARN_DIRECT_OBJC_ISA_USAGE = YES_ERROR;
				CLANG_WARN_DOCUMENTATION_COMMENTS = YES;
				CLANG_WARN_EMPTY_BODY = YES;
				CLANG_WARN_ENUM_CONVERSION = YES;
				CLANG_WARN_INFINITE_RECURSION = YES;
				CLANG_WARN_INT_CONVERSION = YES;
				CLANG_WARN_OBJC_ROOT_CLASS = YES_ERROR;
				CLANG_WARN_SUSPICIOUS_MOVE = YES;
				CLANG_WARN_UNREACHABLE_CODE = YES;
				CLANG_WARN__DUPLICATE_METHOD_MATCH = YES;
				"CODE_SIGN_IDENTITY[sdk=iphoneos*]" = "iPhone Developer";
				COPY_PHASE_STRIP = NO;
				DEBUG_INFORMATION_FORMAT = dwarf;
				ENABLE_STRICT_OBJC_MSGSEND = YES;
				ENABLE_TESTABILITY = YES;
				GCC_C_LANGUAGE_STANDARD = gnu99;
				GCC_DYNAMIC_NO_PIC = NO;
				GCC_NO_COMMON_BLOCKS = YES;
				GCC_OPTIMIZATION_LEVEL = 0;
				GCC_PREPROCESSOR_DEFINITIONS = (
					"DEBUG=1",
					"$(inherited)",
				);
				GCC_WARN_64_TO_32_BIT_CONVERSION = YES;
				GCC_WARN_ABOUT_RETURN_TYPE = YES_ERROR;
				GCC_WARN_UNDECLARED_SELECTOR = YES;
				GCC_WARN_UNINITIALIZED_AUTOS = YES_AGGRESSIVE;
				GCC_WARN_UNUSED_FUNCTION = YES;
				GCC_WARN_UNUSED_VARIABLE = YES;
				IPHONEOS_DEPLOYMENT_TARGET = 10.3;
				MTL_ENABLE_DEBUG_INFO = YES;
				ONLY_ACTIVE_ARCH = YES;
				SDKROOT = iphoneos;
				SWIFT_ACTIVE_COMPILATION_CONDITIONS = DEBUG;
				SWIFT_OPTIMIZATION_LEVEL = "-Onone";
			};
			name = Debug;
		};
		B28129101E9F72A900A655E2 /* Release */ = {
			isa = XCBuildConfiguration;
			buildSettings = {
				ALWAYS_SEARCH_USER_PATHS = NO;
				CLANG_ANALYZER_NONNULL = YES;
				CLANG_ANALYZER_NUMBER_OBJECT_CONVERSION = YES_AGGRESSIVE;
				CLANG_CXX_LANGUAGE_STANDARD = "gnu++0x";
				CLANG_CXX_LIBRARY = "libc++";
				CLANG_ENABLE_MODULES = YES;
				CLANG_ENABLE_OBJC_ARC = YES;
				CLANG_WARN_BOOL_CONVERSION = YES;
				CLANG_WARN_CONSTANT_CONVERSION = YES;
				CLANG_WARN_DIRECT_OBJC_ISA_USAGE = YES_ERROR;
				CLANG_WARN_DOCUMENTATION_COMMENTS = YES;
				CLANG_WARN_EMPTY_BODY = YES;
				CLANG_WARN_ENUM_CONVERSION = YES;
				CLANG_WARN_INFINITE_RECURSION = YES;
				CLANG_WARN_INT_CONVERSION = YES;
				CLANG_WARN_OBJC_ROOT_CLASS = YES_ERROR;
				CLANG_WARN_SUSPICIOUS_MOVE = YES;
				CLANG_WARN_UNREACHABLE_CODE = YES;
				CLANG_WARN__DUPLICATE_METHOD_MATCH = YES;
				"CODE_SIGN_IDENTITY[sdk=iphoneos*]" = "iPhone Developer";
				COPY_PHASE_STRIP = NO;
				DEBUG_INFORMATION_FORMAT = "dwarf-with-dsym";
				ENABLE_NS_ASSERTIONS = NO;
				ENABLE_STRICT_OBJC_MSGSEND = YES;
				GCC_C_LANGUAGE_STANDARD = gnu99;
				GCC_NO_COMMON_BLOCKS = YES;
				GCC_WARN_64_TO_32_BIT_CONVERSION = YES;
				GCC_WARN_ABOUT_RETURN_TYPE = YES_ERROR;
				GCC_WARN_UNDECLARED_SELECTOR = YES;
				GCC_WARN_UNINITIALIZED_AUTOS = YES_AGGRESSIVE;
				GCC_WARN_UNUSED_FUNCTION = YES;
				GCC_WARN_UNUSED_VARIABLE = YES;
				IPHONEOS_DEPLOYMENT_TARGET = 10.3;
				MTL_ENABLE_DEBUG_INFO = NO;
				SDKROOT = iphoneos;
				SWIFT_OPTIMIZATION_LEVEL = "-Owholemodule";
				VALIDATE_PRODUCT = YES;
			};
			name = Release;
		};
		B28129121E9F72A900A655E2 /* Debug */ = {
			isa = XCBuildConfiguration;
			buildSettings = {
				ASSETCATALOG_COMPILER_APPICON_NAME = AppIcon;
				DEVELOPMENT_TEAM = CD75Y82V4U;
				INFOPLIST_FILE = MenuDemo/Info.plist;
				IPHONEOS_DEPLOYMENT_TARGET = 10.0;
				LD_RUNPATH_SEARCH_PATHS = "$(inherited) @executable_path/Frameworks";
				PRODUCT_BUNDLE_IDENTIFIER = Wiredcraft.MenuDemo;
				PRODUCT_NAME = "$(TARGET_NAME)";
				SWIFT_VERSION = 3.0;
			};
			name = Debug;
		};
		B28129131E9F72A900A655E2 /* Release */ = {
			isa = XCBuildConfiguration;
			buildSettings = {
				ASSETCATALOG_COMPILER_APPICON_NAME = AppIcon;
				DEVELOPMENT_TEAM = CD75Y82V4U;
				INFOPLIST_FILE = MenuDemo/Info.plist;
				IPHONEOS_DEPLOYMENT_TARGET = 10.0;
				LD_RUNPATH_SEARCH_PATHS = "$(inherited) @executable_path/Frameworks";
				PRODUCT_BUNDLE_IDENTIFIER = Wiredcraft.MenuDemo;
				PRODUCT_NAME = "$(TARGET_NAME)";
				SWIFT_VERSION = 3.0;
			};
			name = Release;
		};
/* End XCBuildConfiguration section */

/* Begin XCConfigurationList section */
		B28128FA1E9F72A900A655E2 /* Build configuration list for PBXProject "MenuDemo" */ = {
			isa = XCConfigurationList;
			buildConfigurations = (
				B281290F1E9F72A900A655E2 /* Debug */,
				B28129101E9F72A900A655E2 /* Release */,
			);
			defaultConfigurationIsVisible = 0;
			defaultConfigurationName = Release;
		};
		B28129111E9F72A900A655E2 /* Build configuration list for PBXNativeTarget "MenuDemo" */ = {
			isa = XCConfigurationList;
			buildConfigurations = (
				B28129121E9F72A900A655E2 /* Debug */,
				B28129131E9F72A900A655E2 /* Release */,
			);
			defaultConfigurationIsVisible = 0;
			defaultConfigurationName = Release;
		};
/* End XCConfigurationList section */
	};
	rootObject = B28128F71E9F72A900A655E2 /* Project object */;
}
